
Microsoft Visual Studio Solution File, Format Version 12.00
# Visual Studio 15
VisualStudioVersion = 15.0.27703.2026
MinimumVisualStudioVersion = 10.0.40219.1
Project("{FAE04EC0-301F-11D3-BF4B-00C04F79EFBC}") = "jvyterm-users", "jvyterm-users\jvyterm-users.csproj", "{18836303-9968-4487-A54F-8B9A20161DA1}"
EndProject
Project("{FAE04EC0-301F-11D3-BF4B-00C04F79EFBC}") = "jvyterm", "jvyterm\jvyterm\jvyterm.csproj", "{DA61EF31-919D-45C0-923B-D8047969D87F}"
EndProject
Global
	GlobalSection(SolutionConfigurationPlatforms) = preSolution
		Debug|Any CPU = Debug|Any CPU
		Release|Any CPU = Release|Any CPU
	EndGlobalSection
	GlobalSection(ProjectConfigurationPlatforms) = postSolution
		{18836303-9968-4487-A54F-8B9A20161DA1}.Debug|Any CPU.ActiveCfg = Debug|Any CPU
		{18836303-9968-4487-A54F-8B9A20161DA1}.Debug|Any CPU.Build.0 = Debug|Any CPU
		{18836303-9968-4487-A54F-8B9A20161DA1}.Release|Any CPU.ActiveCfg = Release|Any CPU
		{18836303-9968-4487-A54F-8B9A20161DA1}.Release|Any CPU.Build.0 = Release|Any CPU
		{DA61EF31-919D-45C0-923B-D8047969D87F}.Debug|Any CPU.ActiveCfg = Debug|Any CPU
		{DA61EF31-919D-45C0-923B-D8047969D87F}.Debug|Any CPU.Build.0 = Debug|Any CPU
		{DA61EF31-919D-45C0-923B-D8047969D87F}.Release|Any CPU.ActiveCfg = Release|Any CPU
		{DA61EF31-919D-45C0-923B-D8047969D87F}.Release|Any CPU.Build.0 = Release|Any CPU
	EndGlobalSection
	GlobalSection(SolutionProperties) = preSolution
		HideSolutionNode = FALSE
	EndGlobalSection
	GlobalSection(ExtensibilityGlobals) = postSolution
		SolutionGuid = {1B6D3C44-2215-4142-84D9-4339F6514214}
	EndGlobalSection
EndGlobal
